
Microsoft Visual Studio Solution File, Format Version 12.00
# Visual Studio Version 17
VisualStudioVersion = 17.1.32319.34
MinimumVisualStudioVersion = 10.0.40219.1
Project("{FAE04EC0-301F-11D3-BF4B-00C04F79EFBC}") = "RestaurantRater", "RestaurantRater.csproj", "{772797C5-8514-45F4-856E-7888D715653B}"
EndProject
Global
	GlobalSection(SolutionConfigurationPlatforms) = preSolution
		Debug|Any CPU = Debug|Any CPU
		Release|Any CPU = Release|Any CPU
	EndGlobalSection
	GlobalSection(ProjectConfigurationPlatforms) = postSolution
		{772797C5-8514-45F4-856E-7888D715653B}.Debug|Any CPU.ActiveCfg = Debug|Any CPU
		{772797C5-8514-45F4-856E-7888D715653B}.Debug|Any CPU.Build.0 = Debug|Any CPU
		{772797C5-8514-45F4-856E-7888D715653B}.Release|Any CPU.ActiveCfg = Release|Any CPU
		{772797C5-8514-45F4-856E-7888D715653B}.Release|Any CPU.Build.0 = Release|Any CPU
	EndGlobalSection
	GlobalSection(SolutionProperties) = preSolution
		HideSolutionNode = FALSE
	EndGlobalSection
	GlobalSection(ExtensibilityGlobals) = postSolution
		SolutionGuid = {6CC674D5-D1DE-4C34-A21C-9C4A8278F930}
	EndGlobalSection
EndGlobal
